
Microsoft Visual Studio Solution File, Format Version 12.00
# Visual Studio Version 17
VisualStudioVersion = 17.0.31919.166
MinimumVisualStudioVersion = 10.0.40219.1
Project("{FAE04EC0-301F-11D3-BF4B-00C04F79EFBC}") = "AspNetCoreDashboardColoring", "AspNetCoreDashboardColoring\AspNetCoreDashboardColoring.csproj", "{06DF0FF0-D62B-4203-B61E-C4ABC233E0AD}"
EndProject
Global
	GlobalSection(SolutionConfigurationPlatforms) = preSolution
		Debug|Any CPU = Debug|Any CPU
		Release|Any CPU = Release|Any CPU
	EndGlobalSection
	GlobalSection(ProjectConfigurationPlatforms) = postSolution
		{06DF0FF0-D62B-4203-B61E-C4ABC233E0AD}.Debug|Any CPU.ActiveCfg = Debug|Any CPU
		{06DF0FF0-D62B-4203-B61E-C4ABC233E0AD}.Debug|Any CPU.Build.0 = Debug|Any CPU
		{06DF0FF0-D62B-4203-B61E-C4ABC233E0AD}.Release|Any CPU.ActiveCfg = Release|Any CPU
		{06DF0FF0-D62B-4203-B61E-C4ABC233E0AD}.Release|Any CPU.Build.0 = Release|Any CPU
	EndGlobalSection
	GlobalSection(SolutionProperties) = preSolution
		HideSolutionNode = FALSE
	EndGlobalSection
	GlobalSection(ExtensibilityGlobals) = postSolution
		SolutionGuid = {3B8B496F-3472-4ECF-AAC3-C03B41AEF43B}
	EndGlobalSection
EndGlobal
